{
  "name": "@wasm/studio-utils",
  "version": "0.0.1",
  "lockfileVersion": 1,
  "requires": true,
  "dependencies": {
    "@types/node": {
      "version": "9.4.6",
      "resolved": "https://registry.npmjs.org/@types/node/-/node-9.4.6.tgz",
      "integrity": "sha512-CTUtLb6WqCCgp6P59QintjHWqzf4VL1uPA27bipLAPxFqrtK1gEYllePzTICGqQ8rYsCbpnsNypXjjDzGAAjEQ==",
      "dev": true
    },
    "@types/node-fetch": {
      "version": "1.6.7",
      "resolved": "https://registry.npmjs.org/@types/node-fetch/-/node-fetch-1.6.7.tgz",
      "integrity": "sha1-UhB46PDGmhWOUCIAWsqS0mIPbVc=",
      "dev": true,
      "requires": {
        "@types/node": "9.4.6"
      }
    },
    "@types/pako": {
      "version": "1.0.0",
      "resolved": "https://registry.npmjs.org/@types/pako/-/pako-1.0.0.tgz",
      "integrity": "sha1-6q6DZNG391LiY7w/1o3+yY5hNsU=",
      "dev": true
    },
    "node-fetch": {
      "version": "2.0.0",
      "resolved": "https://registry.npmjs.org/node-fetch/-/node-fetch-2.0.0.tgz",
      "integrity": "sha1-mCu6Q+zU8pIqKcwYamu7C7c/y6Y="
    },
    "pako": {
      "version": "1.0.6",
      "resolved": "https://registry.npmjs.org/pako/-/pako-1.0.6.tgz",
      "integrity": "sha512-lQe48YPsMJAig+yngZ87Lus+NF+3mtu7DVOBu6b/gHO1YpKwIj5AWjZ/TOS7i46HD/UixzWb1zeWDZfGZ3iYcg=="
    },
    "typescript": {
      "version": "2.7.2",
      "resolved": "https://registry.npmjs.org/typescript/-/typescript-2.7.2.tgz",
      "integrity": "sha512-p5TCYZDAO0m4G344hD+wx/LATebLWZNkkh2asWUFqSsD2OrDNhbAHuSjobrmsUmdzjJjEeZVU9g1h3O6vpstnw==",
      "dev": true
    }
  }
}
